// !$*UTF8*$!
{
	archiveVersion = 1;
	classes = {
	};
	objectVersion = 51;
	objects = {

/* Begin PBXBuildFile section */
		E2058DCB22FB50BB00CBD047 /* DetailVC.swift in Sources */ = {isa = PBXBuildFile; fileRef = E2058DCA22FB50BB00CBD047 /* DetailVC.swift */; };
		E2A1583322F9A0B500C74B17 /* AppDelegate.swift in Sources */ = {isa = PBXBuildFile; fileRef = E2A1583222F9A0B500C74B17 /* AppDelegate.swift */; };
		E2A1583822F9A0B500C74B17 /* Main.storyboard in Resources */ = {isa = PBXBuildFile; fileRef = E2A1583622F9A0B500C74B17 /* Main.storyboard */; };
		E2A1583A22F9A0B700C74B17 /* Assets.xcassets in Resources */ = {isa = PBXBuildFile; fileRef = E2A1583922F9A0B700C74B17 /* Assets.xcassets */; };
		E2A1583D22F9A0B700C74B17 /* LaunchScreen.storyboard in Resources */ = {isa = PBXBuildFile; fileRef = E2A1583B22F9A0B700C74B17 /* LaunchScreen.storyboard */; };
		E2A1584522F9A2FA00C74B17 /* NewsTableVC.swift in Sources */ = {isa = PBXBuildFile; fileRef = E2A1584422F9A2FA00C74B17 /* NewsTableVC.swift */; };
		E2A1584722F9A33200C74B17 /* NewsCell.swift in Sources */ = {isa = PBXBuildFile; fileRef = E2A1584622F9A33200C74B17 /* NewsCell.swift */; };
		EAE2BEA57840420F775D5671 /* Pods_epoznan.framework in Frameworks */ = {isa = PBXBuildFile; fileRef = A05BE7D3BB20679D1C4CC15B /* Pods_epoznan.framework */; };
/* End PBXBuildFile section */

/* Begin PBXFileReference section */
		551F5BDDD948272D7D8D9DFD /* Pods-epoznan.release.xcconfig */ = {isa = PBXFileReference; includeInIndex = 1; lastKnownFileType = text.xcconfig; name = "Pods-epoznan.release.xcconfig"; path = "Target Support Files/Pods-epoznan/Pods-epoznan.release.xcconfig"; sourceTree = "<group>"; };
		A05BE7D3BB20679D1C4CC15B /* Pods_epoznan.framework */ = {isa = PBXFileReference; explicitFileType = wrapper.framework; includeInIndex = 0; path = Pods_epoznan.framework; sourceTree = BUILT_PRODUCTS_DIR; };
		C75710526F456EA6C17FC739 /* Pods-epoznan.debug.xcconfig */ = {isa = PBXFileReference; includeInIndex = 1; lastKnownFileType = text.xcconfig; name = "Pods-epoznan.debug.xcconfig"; path = "Target Support Files/Pods-epoznan/Pods-epoznan.debug.xcconfig"; sourceTree = "<group>"; };
		E2058DCA22FB50BB00CBD047 /* DetailVC.swift */ = {isa = PBXFileReference; lastKnownFileType = sourcecode.swift; path = DetailVC.swift; sourceTree = "<group>"; };
		E2A1582F22F9A0B500C74B17 /* epoznan.app */ = {isa = PBXFileReference; explicitFileType = wrapper.application; includeInIndex = 0; path = epoznan.app; sourceTree = BUILT_PRODUCTS_DIR; };
		E2A1583222F9A0B500C74B17 /* AppDelegate.swift */ = {isa = PBXFileReference; lastKnownFileType = sourcecode.swift; path = AppDelegate.swift; sourceTree = "<group>"; };
		E2A1583722F9A0B500C74B17 /* Base */ = {isa = PBXFileReference; lastKnownFileType = file.storyboard; name = Base; path = Base.lproj/Main.storyboard; sourceTree = "<group>"; };
		E2A1583922F9A0B700C74B17 /* Assets.xcassets */ = {isa = PBXFileReference; lastKnownFileType = folder.assetcatalog; path = Assets.xcassets; sourceTree = "<group>"; };
		E2A1583C22F9A0B700C74B17 /* Base */ = {isa = PBXFileReference; lastKnownFileType = file.storyboard; name = Base; path = Base.lproj/LaunchScreen.storyboard; sourceTree = "<group>"; };
		E2A1583E22F9A0B700C74B17 /* Info.plist */ = {isa = PBXFileReference; lastKnownFileType = text.plist.xml; path = Info.plist; sourceTree = "<group>"; };
		E2A1584422F9A2FA00C74B17 /* NewsTableVC.swift */ = {isa = PBXFileReference; lastKnownFileType = sourcecode.swift; path = NewsTableVC.swift; sourceTree = "<group>"; };
		E2A1584622F9A33200C74B17 /* NewsCell.swift */ = {isa = PBXFileReference; lastKnownFileType = sourcecode.swift; path = NewsCell.swift; sourceTree = "<group>"; };
/* End PBXFileReference section */

/* Begin PBXFrameworksBuildPhase section */
		E2A1582C22F9A0B500C74B17 /* Frameworks */ = {
			isa = PBXFrameworksBuildPhase;
			buildActionMask = 2147483647;
			files = (
				EAE2BEA57840420F775D5671 /* Pods_epoznan.framework in Frameworks */,
			);
			runOnlyForDeploymentPostprocessing = 0;
		};
/* End PBXFrameworksBuildPhase section */

/* Begin PBXGroup section */
		19C63245D6147D68F7998A36 /* Frameworks */ = {
			isa = PBXGroup;
			children = (
				A05BE7D3BB20679D1C4CC15B /* Pods_epoznan.framework */,
			);
			name = Frameworks;
			sourceTree = "<group>";
		};
		B061309B2BCD17D0F7DBB746 /* Pods */ = {
			isa = PBXGroup;
			children = (
				C75710526F456EA6C17FC739 /* Pods-epoznan.debug.xcconfig */,
				551F5BDDD948272D7D8D9DFD /* Pods-epoznan.release.xcconfig */,
			);
			path = Pods;
			sourceTree = "<group>";
		};
		E2A1582622F9A0B500C74B17 = {
			isa = PBXGroup;
			children = (
				E2A1583122F9A0B500C74B17 /* epoznan */,
				E2A1583022F9A0B500C74B17 /* Products */,
				B061309B2BCD17D0F7DBB746 /* Pods */,
				19C63245D6147D68F7998A36 /* Frameworks */,
			);
			sourceTree = "<group>";
		};
		E2A1583022F9A0B500C74B17 /* Products */ = {
			isa = PBXGroup;
			children = (
				E2A1582F22F9A0B500C74B17 /* epoznan.app */,
			);
			name = Products;
			sourceTree = "<group>";
		};
		E2A1583122F9A0B500C74B17 /* epoznan */ = {
			isa = PBXGroup;
			children = (
				E2A1583222F9A0B500C74B17 /* AppDelegate.swift */,
				E2A1584622F9A33200C74B17 /* NewsCell.swift */,
				E2A1583622F9A0B500C74B17 /* Main.storyboard */,
				E2A1583922F9A0B700C74B17 /* Assets.xcassets */,
				E2A1583B22F9A0B700C74B17 /* LaunchScreen.storyboard */,
				E2A1583E22F9A0B700C74B17 /* Info.plist */,
				E2A1584422F9A2FA00C74B17 /* NewsTableVC.swift */,
				E2058DCA22FB50BB00CBD047 /* DetailVC.swift */,
			);
			path = epoznan;
			sourceTree = "<group>";
		};
/* End PBXGroup section */

/* Begin PBXNativeTarget section */
		E2A1582E22F9A0B500C74B17 /* epoznan */ = {
			isa = PBXNativeTarget;
			buildConfigurationList = E2A1584122F9A0B700C74B17 /* Build configuration list for PBXNativeTarget "epoznan" */;
			buildPhases = (
				32093F21E17D3322656919F3 /* [CP] Check Pods Manifest.lock */,
				E2A1582B22F9A0B500C74B17 /* Sources */,
				E2A1582C22F9A0B500C74B17 /* Frameworks */,
				E2A1582D22F9A0B500C74B17 /* Resources */,
				19FF411FE6CEB1B8EA0E82BA /* [CP] Embed Pods Frameworks */,
			);
			buildRules = (
			);
			dependencies = (
			);
			name = epoznan;
			productName = epoznan;
			productReference = E2A1582F22F9A0B500C74B17 /* epoznan.app */;
			productType = "com.apple.product-type.application";
		};
/* End PBXNativeTarget section */

/* Begin PBXProject section */
		E2A1582722F9A0B500C74B17 /* Project object */ = {
			isa = PBXProject;
			attributes = {
				LastSwiftUpdateCheck = 1030;
				LastUpgradeCheck = 1030;
				ORGANIZATIONNAME = "Krzysztof Wolarz";
				TargetAttributes = {
					E2A1582E22F9A0B500C74B17 = {
						CreatedOnToolsVersion = 10.3;
					};
				};
			};
			buildConfigurationList = E2A1582A22F9A0B500C74B17 /* Build configuration list for PBXProject "epoznan" */;
			compatibilityVersion = "Xcode 9.3";
			developmentRegion = en;
			hasScannedForEncodings = 0;
			knownRegions = (
				en,
				Base,
			);
			mainGroup = E2A1582622F9A0B500C74B17;
			productRefGroup = E2A1583022F9A0B500C74B17 /* Products */;
			projectDirPath = "";
			projectRoot = "";
			targets = (
				E2A1582E22F9A0B500C74B17 /* epoznan */,
			);
		};
/* End PBXProject section */

/* Begin PBXResourcesBuildPhase section */
		E2A1582D22F9A0B500C74B17 /* Resources */ = {
			isa = PBXResourcesBuildPhase;
			buildActionMask = 2147483647;
			files = (
				E2A1583D22F9A0B700C74B17 /* LaunchScreen.storyboard in Resources */,
				E2A1583A22F9A0B700C74B17 /* Assets.xcassets in Resources */,
				E2A1583822F9A0B500C74B17 /* Main.storyboard in Resources */,
			);
			runOnlyForDeploymentPostprocessing = 0;
		};
/* End PBXResourcesBuildPhase section */

/* Begin PBXShellScriptBuildPhase section */
		19FF411FE6CEB1B8EA0E82BA /* [CP] Embed Pods Frameworks */ = {
			isa = PBXShellScriptBuildPhase;
			buildActionMask = 2147483647;
			files = (
			);
			inputFileListPaths = (
				"${PODS_ROOT}/Target Support Files/Pods-epoznan/Pods-epoznan-frameworks-${CONFIGURATION}-input-files.xcfilelist",
			);
			name = "[CP] Embed Pods Frameworks";
			outputFileListPaths = (
				"${PODS_ROOT}/Target Support Files/Pods-epoznan/Pods-epoznan-frameworks-${CONFIGURATION}-output-files.xcfilelist",
			);
			runOnlyForDeploymentPostprocessing = 0;
			shellPath = /bin/sh;
			shellScript = "\"${PODS_ROOT}/Target Support Files/Pods-epoznan/Pods-epoznan-frameworks.sh\"\n";
			showEnvVarsInLog = 0;
		};
		32093F21E17D3322656919F3 /* [CP] Check Pods Manifest.lock */ = {
			isa = PBXShellScriptBuildPhase;
			buildActionMask = 2147483647;
			files = (
			);
			inputFileListPaths = (
			);
			inputPaths = (
				"${PODS_PODFILE_DIR_PATH}/Podfile.lock",
				"${PODS_ROOT}/Manifest.lock",
			);
			name = "[CP] Check Pods Manifest.lock";
			outputFileListPaths = (
			);
			outputPaths = (
				"$(DERIVED_FILE_DIR)/Pods-epoznan-checkManifestLockResult.txt",
			);
			runOnlyForDeploymentPostprocessing = 0;
			shellPath = /bin/sh;
			shellScript = "diff \"${PODS_PODFILE_DIR_PATH}/Podfile.lock\" \"${PODS_ROOT}/Manifest.lock\" > /dev/null\nif [ $? != 0 ] ; then\n    # print error to STDERR\n    echo \"error: The sandbox is not in sync with the Podfile.lock. Run 'pod install' or update your CocoaPods installation.\" >&2\n    exit 1\nfi\n# This output is used by Xcode 'outputs' to avoid re-running this script phase.\necho \"SUCCESS\" > \"${SCRIPT_OUTPUT_FILE_0}\"\n";
			showEnvVarsInLog = 0;
		};
/* End PBXShellScriptBuildPhase section */

/* Begin PBXSourcesBuildPhase section */
		E2A1582B22F9A0B500C74B17 /* Sources */ = {
			isa = PBXSourcesBuildPhase;
			buildActionMask = 2147483647;
			files = (
				E2A1584522F9A2FA00C74B17 /* NewsTableVC.swift in Sources */,
				E2058DCB22FB50BB00CBD047 /* DetailVC.swift in Sources */,
				E2A1584722F9A33200C74B17 /* NewsCell.swift in Sources */,
				E2A1583322F9A0B500C74B17 /* AppDelegate.swift in Sources */,
			);
			runOnlyForDeploymentPostprocessing = 0;
		};
/* End PBXSourcesBuildPhase section */

/* Begin PBXVariantGroup section */
		E2A1583622F9A0B500C74B17 /* Main.storyboard */ = {
			isa = PBXVariantGroup;
			children = (
				E2A1583722F9A0B500C74B17 /* Base */,
			);
			name = Main.storyboard;
			sourceTree = "<group>";
		};
		E2A1583B22F9A0B700C74B17 /* LaunchScreen.storyboard */ = {
			isa = PBXVariantGroup;
			children = (
				E2A1583C22F9A0B700C74B17 /* Base */,
			);
			name = LaunchScreen.storyboard;
			sourceTree = "<group>";
		};
/* End PBXVariantGroup section */

/* Begin XCBuildConfiguration section */
		E2A1583F22F9A0B700C74B17 /* Debug */ = {
			isa = XCBuildConfiguration;
			buildSettings = {
				ALWAYS_SEARCH_USER_PATHS = NO;
				CLANG_ANALYZER_NONNULL = YES;
				CLANG_ANALYZER_NUMBER_OBJECT_CONVERSION = YES_AGGRESSIVE;
				CLANG_CXX_LANGUAGE_STANDARD = "gnu++14";
				CLANG_CXX_LIBRARY = "libc++";
				CLANG_ENABLE_MODULES = YES;
				CLANG_ENABLE_OBJC_ARC = YES;
				CLANG_ENABLE_OBJC_WEAK = YES;
				CLANG_WARN_BLOCK_CAPTURE_AUTORELEASING = YES;
				CLANG_WARN_BOOL_CONVERSION = YES;
				CLANG_WARN_COMMA = YES;
				CLANG_WARN_CONSTANT_CONVERSION = YES;
				CLANG_WARN_DEPRECATED_OBJC_IMPLEMENTATIONS = YES;
				CLANG_WARN_DIRECT_OBJC_ISA_USAGE = YES_ERROR;
				CLANG_WARN_DOCUMENTATION_COMMENTS = YES;
				CLANG_WARN_EMPTY_BODY = YES;
				CLANG_WARN_ENUM_CONVERSION = YES;
				CLANG_WARN_INFINITE_RECURSION = YES;
				CLANG_WARN_INT_CONVERSION = YES;
				CLANG_WARN_NON_LITERAL_NULL_CONVERSION = YES;
				CLANG_WARN_OBJC_IMPLICIT_RETAIN_SELF = YES;
				CLANG_WARN_OBJC_LITERAL_CONVERSION = YES;
				CLANG_WARN_OBJC_ROOT_CLASS = YES_ERROR;
				CLANG_WARN_RANGE_LOOP_ANALYSIS = YES;
				CLANG_WARN_STRICT_PROTOTYPES = YES;
				CLANG_WARN_SUSPICIOUS_MOVE = YES;
				CLANG_WARN_UNGUARDED_AVAILABILITY = YES_AGGRESSIVE;
				CLANG_WARN_UNREACHABLE_CODE = YES;
				CLANG_WARN__DUPLICATE_METHOD_MATCH = YES;
				CODE_SIGN_IDENTITY = "iPhone Developer";
				COPY_PHASE_STRIP = NO;
				DEBUG_INFORMATION_FORMAT = dwarf;
				ENABLE_STRICT_OBJC_MSGSEND = YES;
				ENABLE_TESTABILITY = YES;
				GCC_C_LANGUAGE_STANDARD = gnu11;
				GCC_DYNAMIC_NO_PIC = NO;
				GCC_NO_COMMON_BLOCKS = YES;
				GCC_OPTIMIZATION_LEVEL = 0;
				GCC_PREPROCESSOR_DEFINITIONS = (
					"DEBUG=1",
					"$(inherited)",
				);
				GCC_WARN_64_TO_32_BIT_CONVERSION = YES;
				GCC_WARN_ABOUT_RETURN_TYPE = YES_ERROR;
				GCC_WARN_UNDECLARED_SELECTOR = YES;
				GCC_WARN_UNINITIALIZED_AUTOS = YES_AGGRESSIVE;
				GCC_WARN_UNUSED_FUNCTION = YES;
				GCC_WARN_UNUSED_VARIABLE = YES;
				IPHONEOS_DEPLOYMENT_TARGET = 12.4;
				MTL_ENABLE_DEBUG_INFO = INCLUDE_SOURCE;
				MTL_FAST_MATH = YES;
				ONLY_ACTIVE_ARCH = YES;
				SDKROOT = iphoneos;
				SWIFT_ACTIVE_COMPILATION_CONDITIONS = DEBUG;
				SWIFT_OPTIMIZATION_LEVEL = "-Onone";
			};
			name = Debug;
		};
		E2A1584022F9A0B700C74B17 /* Release */ = {
			isa = XCBuildConfiguration;
			buildSettings = {
				ALWAYS_SEARCH_USER_PATHS = NO;
				CLANG_ANALYZER_NONNULL = YES;
				CLANG_ANALYZER_NUMBER_OBJECT_CONVERSION = YES_AGGRESSIVE;
				CLANG_CXX_LANGUAGE_STANDARD = "gnu++14";
				CLANG_CXX_LIBRARY = "libc++";
				CLANG_ENABLE_MODULES = YES;
				CLANG_ENABLE_OBJC_ARC = YES;
				CLANG_ENABLE_OBJC_WEAK = YES;
				CLANG_WARN_BLOCK_CAPTURE_AUTORELEASING = YES;
				CLANG_WARN_BOOL_CONVERSION = YES;
				CLANG_WARN_COMMA = YES;
				CLANG_WARN_CONSTANT_CONVERSION = YES;
				CLANG_WARN_DEPRECATED_OBJC_IMPLEMENTATIONS = YES;
				CLANG_WARN_DIRECT_OBJC_ISA_USAGE = YES_ERROR;
				CLANG_WARN_DOCUMENTATION_COMMENTS = YES;
				CLANG_WARN_EMPTY_BODY = YES;
				CLANG_WARN_ENUM_CONVERSION = YES;
				CLANG_WARN_INFINITE_RECURSION = YES;
				CLANG_WARN_INT_CONVERSION = YES;
				CLANG_WARN_NON_LITERAL_NULL_CONVERSION = YES;
				CLANG_WARN_OBJC_IMPLICIT_RETAIN_SELF = YES;
				CLANG_WARN_OBJC_LITERAL_CONVERSION = YES;
				CLANG_WARN_OBJC_ROOT_CLASS = YES_ERROR;
				CLANG_WARN_RANGE_LOOP_ANALYSIS = YES;
				CLANG_WARN_STRICT_PROTOTYPES = YES;
				CLANG_WARN_SUSPICIOUS_MOVE = YES;
				CLANG_WARN_UNGUARDED_AVAILABILITY = YES_AGGRESSIVE;
				CLANG_WARN_UNREACHABLE_CODE = YES;
				CLANG_WARN__DUPLICATE_METHOD_MATCH = YES;
				CODE_SIGN_IDENTITY = "iPhone Developer";
				COPY_PHASE_STRIP = NO;
				DEBUG_INFORMATION_FORMAT = "dwarf-with-dsym";
				ENABLE_NS_ASSERTIONS = NO;
				ENABLE_STRICT_OBJC_MSGSEND = YES;
				GCC_C_LANGUAGE_STANDARD = gnu11;
				GCC_NO_COMMON_BLOCKS = YES;
				GCC_WARN_64_TO_32_BIT_CONVERSION = YES;
				GCC_WARN_ABOUT_RETURN_TYPE = YES_ERROR;
				GCC_WARN_UNDECLARED_SELECTOR = YES;
				GCC_WARN_UNINITIALIZED_AUTOS = YES_AGGRESSIVE;
				GCC_WARN_UNUSED_FUNCTION = YES;
				GCC_WARN_UNUSED_VARIABLE = YES;
				IPHONEOS_DEPLOYMENT_TARGET = 12.4;
				MTL_ENABLE_DEBUG_INFO = NO;
				MTL_FAST_MATH = YES;
				SDKROOT = iphoneos;
				SWIFT_COMPILATION_MODE = wholemodule;
				SWIFT_OPTIMIZATION_LEVEL = "-O";
				VALIDATE_PRODUCT = YES;
			};
			name = Release;
		};
		E2A1584222F9A0B700C74B17 /* Debug */ = {
			isa = XCBuildConfiguration;
			baseConfigurationReference = C75710526F456EA6C17FC739 /* Pods-epoznan.debug.xcconfig */;
			buildSettings = {
				ASSETCATALOG_COMPILER_APPICON_NAME = AppIcon;
				CODE_SIGN_STYLE = Automatic;
				DEVELOPMENT_TEAM = TUUD5339D4;
				INFOPLIST_FILE = epoznan/Info.plist;
				IPHONEOS_DEPLOYMENT_TARGET = 12.3;
				LD_RUNPATH_SEARCH_PATHS = (
					"$(inherited)",
					"@executable_path/Frameworks",
				);
				PRODUCT_BUNDLE_IDENTIFIER = k.wolarz.epoznan;
				PRODUCT_NAME = "$(TARGET_NAME)";
				SWIFT_VERSION = 5.0;
				TARGETED_DEVICE_FAMILY = "1,2";
			};
			name = Debug;
		};
		E2A1584322F9A0B700C74B17 /* Release */ = {
			isa = XCBuildConfiguration;
			baseConfigurationReference = 551F5BDDD948272D7D8D9DFD /* Pods-epoznan.release.xcconfig */;
			buildSettings = {
				ASSETCATALOG_COMPILER_APPICON_NAME = AppIcon;
				CODE_SIGN_STYLE = Automatic;
				DEVELOPMENT_TEAM = TUUD5339D4;
				INFOPLIST_FILE = epoznan/Info.plist;
				IPHONEOS_DEPLOYMENT_TARGET = 12.3;
				LD_RUNPATH_SEARCH_PATHS = (
					"$(inherited)",
					"@executable_path/Frameworks",
				);
				PRODUCT_BUNDLE_IDENTIFIER = k.wolarz.epoznan;
				PRODUCT_NAME = "$(TARGET_NAME)";
				SWIFT_VERSION = 5.0;
				TARGETED_DEVICE_FAMILY = "1,2";
			};
			name = Release;
		};
/* End XCBuildConfiguration section */

/* Begin XCConfigurationList section */
		E2A1582A22F9A0B500C74B17 /* Build configuration list for PBXProject "epoznan" */ = {
			isa = XCConfigurationList;
			buildConfigurations = (
				E2A1583F22F9A0B700C74B17 /* Debug */,
				E2A1584022F9A0B700C74B17 /* Release */,
			);
			defaultConfigurationIsVisible = 0;
			defaultConfigurationName = Release;
		};
		E2A1584122F9A0B700C74B17 /* Build configuration list for PBXNativeTarget "epoznan" */ = {
			isa = XCConfigurationList;
			buildConfigurations = (
				E2A1584222F9A0B700C74B17 /* Debug */,
				E2A1584322F9A0B700C74B17 /* Release */,
			);
			defaultConfigurationIsVisible = 0;
			defaultConfigurationName = Release;
		};
/* End XCConfigurationList section */
	};
	rootObject = E2A1582722F9A0B500C74B17 /* Project object */;
}
